
Microsoft Visual Studio Solution File, Format Version 12.00
# Visual Studio Version 16
VisualStudioVersion = 16.0.30611.23
MinimumVisualStudioVersion = 10.0.40219.1
Project("{FAE04EC0-301F-11D3-BF4B-00C04F79EFBC}") = "devops", "devops\devops.csproj", "{5398D9E8-7E28-4AEF-B34E-D55614733F4D}"
EndProject
Global
	GlobalSection(SolutionConfigurationPlatforms) = preSolution
		Debug|Any CPU = Debug|Any CPU
		Release|Any CPU = Release|Any CPU
	EndGlobalSection
	GlobalSection(ProjectConfigurationPlatforms) = postSolution
		{5398D9E8-7E28-4AEF-B34E-D55614733F4D}.Debug|Any CPU.ActiveCfg = Debug|Any CPU
		{5398D9E8-7E28-4AEF-B34E-D55614733F4D}.Debug|Any CPU.Build.0 = Debug|Any CPU
		{5398D9E8-7E28-4AEF-B34E-D55614733F4D}.Release|Any CPU.ActiveCfg = Release|Any CPU
		{5398D9E8-7E28-4AEF-B34E-D55614733F4D}.Release|Any CPU.Build.0 = Release|Any CPU
	EndGlobalSection
	GlobalSection(SolutionProperties) = preSolution
		HideSolutionNode = FALSE
	EndGlobalSection
	GlobalSection(ExtensibilityGlobals) = postSolution
		SolutionGuid = {A08BAF58-4348-4010-9573-07E35755538E}
	EndGlobalSection
EndGlobal
